github.com/cockroachdb/apd/v3 v3.0.1 h1:g1iaIyOhxq9f6iQ95fiPFJl9uCU69B3NkGXE2RLdZpI=
github.com/cockroachdb/apd/v3 v3.0.1/go.mod h1:6qgPBMXjATAdD/VefbRP9NoSLKjbB4LCoA7gN4LpHs4=
github.com/cockroachdb/apd/v3 v3.1.0 h1:MK3Ow7LH0W8zkd5GMKA1PvS9qG3bWFI95WaVNfyZJ/w=
github.com/cockroachdb/apd/v3 v3.1.0/go.mod h1:6qgPBMXjATAdD/VefbRP9NoSLKjbB4LCoA7gN4LpHs4=
github.com/lib/pq v1.10.4 h1:SO9z7FRPzA03QhHKJrH5BXA6HU1rS4V2nIVrrNC1iYk=
github.com/lib/pq v1.10.4/go.mod h1:AlVN5x4E4T544tWzH6hKfbfQvm3HdbOxrmggDNAPY9o=
github.com/pkg/errors v0.8.0/go.mod h1:bwawxfHBFNV+L2hUp1rHADufV3IMtnDRdf1r5NINEl0=
github.com/pkg/errors v0.9.1 h1:FEBLx1zS214owpjy7qsBeixbURkuhQAwrK5UwLGTwt4=
github.com/pkg/errors v0.9.1/go.mod h1:bwawxfHBFNV+L2hUp1rHADufV3IMtnDRdf1r5NINEl0=
